// !$*UTF8*$!
{
	archiveVersion = 1;
	classes = {
	};
	objectVersion = 46;
	objects = {

/* Begin PBXBuildFile section */
		2A3406211D6C53EB002E450D /* ClothTransition.m in Sources */ = {isa = PBXBuildFile; fileRef = 2A3406121D6C53EB002E450D /* ClothTransition.m */; settings = {COMPILER_FLAGS = "-fno-objc-arc"; }; };
		2A3406221D6C53EB002E450D /* DoorsTransition.m in Sources */ = {isa = PBXBuildFile; fileRef = 2A3406141D6C53EB002E450D /* DoorsTransition.m */; settings = {COMPILER_FLAGS = "-fno-objc-arc"; }; };
		2A3406231D6C53EB002E450D /* FlipTransition.m in Sources */ = {isa = PBXBuildFile; fileRef = 2A3406161D6C53EB002E450D /* FlipTransition.m */; settings = {COMPILER_FLAGS = "-fno-objc-arc"; }; };
		2A3406241D6C53EB002E450D /* HMGLTransition.m in Sources */ = {isa = PBXBuildFile; fileRef = 2A3406181D6C53EB002E450D /* HMGLTransition.m */; settings = {COMPILER_FLAGS = "-fno-objc-arc"; }; };
		2A3406251D6C53EB002E450D /* HMGLTransitionManager.m in Sources */ = {isa = PBXBuildFile; fileRef = 2A34061A1D6C53EB002E450D /* HMGLTransitionManager.m */; settings = {COMPILER_FLAGS = "-fno-objc-arc"; }; };
		2A3406261D6C53EB002E450D /* HMGLTransitionView.m in Sources */ = {isa = PBXBuildFile; fileRef = 2A34061C1D6C53EB002E450D /* HMGLTransitionView.m */; settings = {COMPILER_FLAGS = "-fno-objc-arc"; }; };
		2A3406271D6C53EB002E450D /* RotateTransition.m in Sources */ = {isa = PBXBuildFile; fileRef = 2A34061E1D6C53EB002E450D /* RotateTransition.m */; settings = {COMPILER_FLAGS = "-fno-objc-arc"; }; };
		2A3406281D6C53EB002E450D /* Switch3DTransition.m in Sources */ = {isa = PBXBuildFile; fileRef = 2A3406201D6C53EB002E450D /* Switch3DTransition.m */; settings = {COMPILER_FLAGS = "-fno-objc-arc"; }; };
		2A34062A1D6C54F9002E450D /* QuartzCore.framework in Frameworks */ = {isa = PBXBuildFile; fileRef = 2A3406291D6C54F9002E450D /* QuartzCore.framework */; };
		2A34062C1D6C5503002E450D /* CoreGraphics.framework in Frameworks */ = {isa = PBXBuildFile; fileRef = 2A34062B1D6C5503002E450D /* CoreGraphics.framework */; };
		2A34062E1D6C555F002E450D /* OpenGLES.framework in Frameworks */ = {isa = PBXBuildFile; fileRef = 2A34062D1D6C555F002E450D /* OpenGLES.framework */; };
		2AECD75F1D6B0E0600AB708B /* main.m in Sources */ = {isa = PBXBuildFile; fileRef = 2AECD75E1D6B0E0600AB708B /* main.m */; };
		2AECD7621D6B0E0600AB708B /* AppDelegate.m in Sources */ = {isa = PBXBuildFile; fileRef = 2AECD7611D6B0E0600AB708B /* AppDelegate.m */; };
		2AECD7651D6B0E0600AB708B /* ViewController.m in Sources */ = {isa = PBXBuildFile; fileRef = 2AECD7641D6B0E0600AB708B /* ViewController.m */; };
		2AECD7681D6B0E0600AB708B /* Main.storyboard in Resources */ = {isa = PBXBuildFile; fileRef = 2AECD7661D6B0E0600AB708B /* Main.storyboard */; };
		2AECD76A1D6B0E0600AB708B /* Assets.xcassets in Resources */ = {isa = PBXBuildFile; fileRef = 2AECD7691D6B0E0600AB708B /* Assets.xcassets */; };
		2AECD76D1D6B0E0600AB708B /* LaunchScreen.storyboard in Resources */ = {isa = PBXBuildFile; fileRef = 2AECD76B1D6B0E0600AB708B /* LaunchScreen.storyboard */; };
		2AECD7781D6B0E0600AB708B /* ____Tests.m in Sources */ = {isa = PBXBuildFile; fileRef = 2AECD7771D6B0E0600AB708B /* ____Tests.m */; };
		2AECD7831D6B0E0600AB708B /* ____UITests.m in Sources */ = {isa = PBXBuildFile; fileRef = 2AECD7821D6B0E0600AB708B /* ____UITests.m */; };
/* End PBXBuildFile section */

/* Begin PBXContainerItemProxy section */
		2AECD7741D6B0E0600AB708B /* PBXContainerItemProxy */ = {
			isa = PBXContainerItemProxy;
			containerPortal = 2AECD7521D6B0E0600AB708B /* Project object */;
			proxyType = 1;
			remoteGlobalIDString = 2AECD7591D6B0E0600AB708B;
			remoteInfo = "高级动画";
		};
		2AECD77F1D6B0E0600AB708B /* PBXContainerItemProxy */ = {
			isa = PBXContainerItemProxy;
			containerPortal = 2AECD7521D6B0E0600AB708B /* Project object */;
			proxyType = 1;
			remoteGlobalIDString = 2AECD7591D6B0E0600AB708B;
			remoteInfo = "高级动画";
		};
/* End PBXContainerItemProxy section */

/* Begin PBXFileReference section */
		2A3406111D6C53EB002E450D /* ClothTransition.h */ = {isa = PBXFileReference; fileEncoding = 4; lastKnownFileType = sourcecode.c.h; path = ClothTransition.h; sourceTree = "<group>"; };
		2A3406121D6C53EB002E450D /* ClothTransition.m */ = {isa = PBXFileReference; fileEncoding = 4; lastKnownFileType = sourcecode.c.objc; path = ClothTransition.m; sourceTree = "<group>"; };
		2A3406131D6C53EB002E450D /* DoorsTransition.h */ = {isa = PBXFileReference; fileEncoding = 4; lastKnownFileType = sourcecode.c.h; path = DoorsTransition.h; sourceTree = "<group>"; };
		2A3406141D6C53EB002E450D /* DoorsTransition.m */ = {isa = PBXFileReference; fileEncoding = 4; lastKnownFileType = sourcecode.c.objc; path = DoorsTransition.m; sourceTree = "<group>"; };
		2A3406151D6C53EB002E450D /* FlipTransition.h */ = {isa = PBXFileReference; fileEncoding = 4; lastKnownFileType = sourcecode.c.h; path = FlipTransition.h; sourceTree = "<group>"; };
		2A3406161D6C53EB002E450D /* FlipTransition.m */ = {isa = PBXFileReference; fileEncoding = 4; lastKnownFileType = sourcecode.c.objc; path = FlipTransition.m; sourceTree = "<group>"; };
		2A3406171D6C53EB002E450D /* HMGLTransition.h */ = {isa = PBXFileReference; fileEncoding = 4; lastKnownFileType = sourcecode.c.h; path = HMGLTransition.h; sourceTree = "<group>"; };
		2A3406181D6C53EB002E450D /* HMGLTransition.m */ = {isa = PBXFileReference; fileEncoding = 4; lastKnownFileType = sourcecode.c.objc; path = HMGLTransition.m; sourceTree = "<group>"; };
		2A3406191D6C53EB002E450D /* HMGLTransitionManager.h */ = {isa = PBXFileReference; fileEncoding = 4; lastKnownFileType = sourcecode.c.h; path = HMGLTransitionManager.h; sourceTree = "<group>"; };
		2A34061A1D6C53EB002E450D /* HMGLTransitionManager.m */ = {isa = PBXFileReference; fileEncoding = 4; lastKnownFileType = sourcecode.c.objc; path = HMGLTransitionManager.m; sourceTree = "<group>"; };
		2A34061B1D6C53EB002E450D /* HMGLTransitionView.h */ = {isa = PBXFileReference; fileEncoding = 4; lastKnownFileType = sourcecode.c.h; path = HMGLTransitionView.h; sourceTree = "<group>"; };
		2A34061C1D6C53EB002E450D /* HMGLTransitionView.m */ = {isa = PBXFileReference; fileEncoding = 4; lastKnownFileType = sourcecode.c.objc; path = HMGLTransitionView.m; sourceTree = "<group>"; };
		2A34061D1D6C53EB002E450D /* RotateTransition.h */ = {isa = PBXFileReference; fileEncoding = 4; lastKnownFileType = sourcecode.c.h; path = RotateTransition.h; sourceTree = "<group>"; };
		2A34061E1D6C53EB002E450D /* RotateTransition.m */ = {isa = PBXFileReference; fileEncoding = 4; lastKnownFileType = sourcecode.c.objc; path = RotateTransition.m; sourceTree = "<group>"; };
		2A34061F1D6C53EB002E450D /* Switch3DTransition.h */ = {isa = PBXFileReference; fileEncoding = 4; lastKnownFileType = sourcecode.c.h; path = Switch3DTransition.h; sourceTree = "<group>"; };
		2A3406201D6C53EB002E450D /* Switch3DTransition.m */ = {isa = PBXFileReference; fileEncoding = 4; lastKnownFileType = sourcecode.c.objc; path = Switch3DTransition.m; sourceTree = "<group>"; };
		2A3406291D6C54F9002E450D /* QuartzCore.framework */ = {isa = PBXFileReference; lastKnownFileType = wrapper.framework; name = QuartzCore.framework; path = System/Library/Frameworks/QuartzCore.framework; sourceTree = SDKROOT; };
		2A34062B1D6C5503002E450D /* CoreGraphics.framework */ = {isa = PBXFileReference; lastKnownFileType = wrapper.framework; name = CoreGraphics.framework; path = System/Library/Frameworks/CoreGraphics.framework; sourceTree = SDKROOT; };
		2A34062D1D6C555F002E450D /* OpenGLES.framework */ = {isa = PBXFileReference; lastKnownFileType = wrapper.framework; name = OpenGLES.framework; path = System/Library/Frameworks/OpenGLES.framework; sourceTree = SDKROOT; };
		2AECD75A1D6B0E0600AB708B /* 高级动画.app */ = {isa = PBXFileReference; explicitFileType = wrapper.application; includeInIndex = 0; path = "高级动画.app"; sourceTree = BUILT_PRODUCTS_DIR; };
		2AECD75E1D6B0E0600AB708B /* main.m */ = {isa = PBXFileReference; lastKnownFileType = sourcecode.c.objc; path = main.m; sourceTree = "<group>"; };
		2AECD7601D6B0E0600AB708B /* AppDelegate.h */ = {isa = PBXFileReference; lastKnownFileType = sourcecode.c.h; path = AppDelegate.h; sourceTree = "<group>"; };
		2AECD7611D6B0E0600AB708B /* AppDelegate.m */ = {isa = PBXFileReference; lastKnownFileType = sourcecode.c.objc; path = AppDelegate.m; sourceTree = "<group>"; };
		2AECD7631D6B0E0600AB708B /* ViewController.h */ = {isa = PBXFileReference; lastKnownFileType = sourcecode.c.h; path = ViewController.h; sourceTree = "<group>"; };
		2AECD7641D6B0E0600AB708B /* ViewController.m */ = {isa = PBXFileReference; lastKnownFileType = sourcecode.c.objc; path = ViewController.m; sourceTree = "<group>"; };
		2AECD7671D6B0E0600AB708B /* Base */ = {isa = PBXFileReference; lastKnownFileType = file.storyboard; name = Base; path = Base.lproj/Main.storyboard; sourceTree = "<group>"; };
		2AECD7691D6B0E0600AB708B /* Assets.xcassets */ = {isa = PBXFileReference; lastKnownFileType = folder.assetcatalog; path = Assets.xcassets; sourceTree = "<group>"; };
		2AECD76C1D6B0E0600AB708B /* Base */ = {isa = PBXFileReference; lastKnownFileType = file.storyboard; name = Base; path = Base.lproj/LaunchScreen.storyboard; sourceTree = "<group>"; };
		2AECD76E1D6B0E0600AB708B /* Info.plist */ = {isa = PBXFileReference; lastKnownFileType = text.plist.xml; path = Info.plist; sourceTree = "<group>"; };
		2AECD7731D6B0E0600AB708B /* 高级动画Tests.xctest */ = {isa = PBXFileReference; explicitFileType = wrapper.cfbundle; includeInIndex = 0; path = "高级动画Tests.xctest"; sourceTree = BUILT_PRODUCTS_DIR; };
		2AECD7771D6B0E0600AB708B /* ____Tests.m */ = {isa = PBXFileReference; lastKnownFileType = sourcecode.c.objc; path = "____Tests.m"; sourceTree = "<group>"; };
		2AECD7791D6B0E0600AB708B /* Info.plist */ = {isa = PBXFileReference; lastKnownFileType = text.plist.xml; path = Info.plist; sourceTree = "<group>"; };
		2AECD77E1D6B0E0600AB708B /* 高级动画UITests.xctest */ = {isa = PBXFileReference; explicitFileType = wrapper.cfbundle; includeInIndex = 0; path = "高级动画UITests.xctest"; sourceTree = BUILT_PRODUCTS_DIR; };
		2AECD7821D6B0E0600AB708B /* ____UITests.m */ = {isa = PBXFileReference; lastKnownFileType = sourcecode.c.objc; path = "____UITests.m"; sourceTree = "<group>"; };
		2AECD7841D6B0E0600AB708B /* Info.plist */ = {isa = PBXFileReference; lastKnownFileType = text.plist.xml; path = Info.plist; sourceTree = "<group>"; };
/* End PBXFileReference section */

/* Begin PBXFrameworksBuildPhase section */
		2AECD7571D6B0E0600AB708B /* Frameworks */ = {
			isa = PBXFrameworksBuildPhase;
			buildActionMask = 2147483647;
			files = (
				2A34062E1D6C555F002E450D /* OpenGLES.framework in Frameworks */,
				2A34062C1D6C5503002E450D /* CoreGraphics.framework in Frameworks */,
				2A34062A1D6C54F9002E450D /* QuartzCore.framework in Frameworks */,
			);
			runOnlyForDeploymentPostprocessing = 0;
		};
		2AECD7701D6B0E0600AB708B /* Frameworks */ = {
			isa = PBXFrameworksBuildPhase;
			buildActionMask = 2147483647;
			files = (
			);
			runOnlyForDeploymentPostprocessing = 0;
		};
		2AECD77B1D6B0E0600AB708B /* Frameworks */ = {
			isa = PBXFrameworksBuildPhase;
			buildActionMask = 2147483647;
			files = (
			);
			runOnlyForDeploymentPostprocessing = 0;
		};
/* End PBXFrameworksBuildPhase section */

/* Begin PBXGroup section */
		2A3406101D6C53EB002E450D /* HMGLTransitions */ = {
			isa = PBXGroup;
			children = (
				2A3406111D6C53EB002E450D /* ClothTransition.h */,
				2A3406121D6C53EB002E450D /* ClothTransition.m */,
				2A3406131D6C53EB002E450D /* DoorsTransition.h */,
				2A3406141D6C53EB002E450D /* DoorsTransition.m */,
				2A3406151D6C53EB002E450D /* FlipTransition.h */,
				2A3406161D6C53EB002E450D /* FlipTransition.m */,
				2A3406171D6C53EB002E450D /* HMGLTransition.h */,
				2A3406181D6C53EB002E450D /* HMGLTransition.m */,
				2A3406191D6C53EB002E450D /* HMGLTransitionManager.h */,
				2A34061A1D6C53EB002E450D /* HMGLTransitionManager.m */,
				2A34061B1D6C53EB002E450D /* HMGLTransitionView.h */,
				2A34061C1D6C53EB002E450D /* HMGLTransitionView.m */,
				2A34061D1D6C53EB002E450D /* RotateTransition.h */,
				2A34061E1D6C53EB002E450D /* RotateTransition.m */,
				2A34061F1D6C53EB002E450D /* Switch3DTransition.h */,
				2A3406201D6C53EB002E450D /* Switch3DTransition.m */,
			);
			path = HMGLTransitions;
			sourceTree = "<group>";
		};
		2AECD7511D6B0E0600AB708B = {
			isa = PBXGroup;
			children = (
				2A34062D1D6C555F002E450D /* OpenGLES.framework */,
				2A34062B1D6C5503002E450D /* CoreGraphics.framework */,
				2A3406291D6C54F9002E450D /* QuartzCore.framework */,
				2AECD75C1D6B0E0600AB708B /* 高级动画 */,
				2AECD7761D6B0E0600AB708B /* 高级动画Tests */,
				2AECD7811D6B0E0600AB708B /* 高级动画UITests */,
				2AECD75B1D6B0E0600AB708B /* Products */,
			);
			sourceTree = "<group>";
		};
		2AECD75B1D6B0E0600AB708B /* Products */ = {
			isa = PBXGroup;
			children = (
				2AECD75A1D6B0E0600AB708B /* 高级动画.app */,
				2AECD7731D6B0E0600AB708B /* 高级动画Tests.xctest */,
				2AECD77E1D6B0E0600AB708B /* 高级动画UITests.xctest */,
			);
			name = Products;
			sourceTree = "<group>";
		};
		2AECD75C1D6B0E0600AB708B /* 高级动画 */ = {
			isa = PBXGroup;
			children = (
				2A3406101D6C53EB002E450D /* HMGLTransitions */,
				2AECD7601D6B0E0600AB708B /* AppDelegate.h */,
				2AECD7611D6B0E0600AB708B /* AppDelegate.m */,
				2AECD7631D6B0E0600AB708B /* ViewController.h */,
				2AECD7641D6B0E0600AB708B /* ViewController.m */,
				2AECD7661D6B0E0600AB708B /* Main.storyboard */,
				2AECD7691D6B0E0600AB708B /* Assets.xcassets */,
				2AECD76B1D6B0E0600AB708B /* LaunchScreen.storyboard */,
				2AECD76E1D6B0E0600AB708B /* Info.plist */,
				2AECD75D1D6B0E0600AB708B /* Supporting Files */,
			);
			path = "高级动画";
			sourceTree = "<group>";
		};
		2AECD75D1D6B0E0600AB708B /* Supporting Files */ = {
			isa = PBXGroup;
			children = (
				2AECD75E1D6B0E0600AB708B /* main.m */,
			);
			name = "Supporting Files";
			sourceTree = "<group>";
		};
		2AECD7761D6B0E0600AB708B /* 高级动画Tests */ = {
			isa = PBXGroup;
			children = (
				2AECD7771D6B0E0600AB708B /* ____Tests.m */,
				2AECD7791D6B0E0600AB708B /* Info.plist */,
			);
			path = "高级动画Tests";
			sourceTree = "<group>";
		};
		2AECD7811D6B0E0600AB708B /* 高级动画UITests */ = {
			isa = PBXGroup;
			children = (
				2AECD7821D6B0E0600AB708B /* ____UITests.m */,
				2AECD7841D6B0E0600AB708B /* Info.plist */,
			);
			path = "高级动画UITests";
			sourceTree = "<group>";
		};
/* End PBXGroup section */

/* Begin PBXNativeTarget section */
		2AECD7591D6B0E0600AB708B /* 高级动画 */ = {
			isa = PBXNativeTarget;
			buildConfigurationList = 2AECD7871D6B0E0600AB708B /* Build configuration list for PBXNativeTarget "高级动画" */;
			buildPhases = (
				2AECD7561D6B0E0600AB708B /* Sources */,
				2AECD7571D6B0E0600AB708B /* Frameworks */,
				2AECD7581D6B0E0600AB708B /* Resources */,
			);
			buildRules = (
			);
			dependencies = (
			);
			name = "高级动画";
			productName = "高级动画";
			productReference = 2AECD75A1D6B0E0600AB708B /* 高级动画.app */;
			productType = "com.apple.product-type.application";
		};
		2AECD7721D6B0E0600AB708B /* 高级动画Tests */ = {
			isa = PBXNativeTarget;
			buildConfigurationList = 2AECD78A1D6B0E0600AB708B /* Build configuration list for PBXNativeTarget "高级动画Tests" */;
			buildPhases = (
				2AECD76F1D6B0E0600AB708B /* Sources */,
				2AECD7701D6B0E0600AB708B /* Frameworks */,
				2AECD7711D6B0E0600AB708B /* Resources */,
			);
			buildRules = (
			);
			dependencies = (
				2AECD7751D6B0E0600AB708B /* PBXTargetDependency */,
			);
			name = "高级动画Tests";
			productName = "高级动画Tests";
			productReference = 2AECD7731D6B0E0600AB708B /* 高级动画Tests.xctest */;
			productType = "com.apple.product-type.bundle.unit-test";
		};
		2AECD77D1D6B0E0600AB708B /* 高级动画UITests */ = {
			isa = PBXNativeTarget;
			buildConfigurationList = 2AECD78D1D6B0E0600AB708B /* Build configuration list for PBXNativeTarget "高级动画UITests" */;
			buildPhases = (
				2AECD77A1D6B0E0600AB708B /* Sources */,
				2AECD77B1D6B0E0600AB708B /* Frameworks */,
				2AECD77C1D6B0E0600AB708B /* Resources */,
			);
			buildRules = (
			);
			dependencies = (
				2AECD7801D6B0E0600AB708B /* PBXTargetDependency */,
			);
			name = "高级动画UITests";
			productName = "高级动画UITests";
			productReference = 2AECD77E1D6B0E0600AB708B /* 高级动画UITests.xctest */;
			productType = "com.apple.product-type.bundle.ui-testing";
		};
/* End PBXNativeTarget section */

/* Begin PBXProject section */
		2AECD7521D6B0E0600AB708B /* Project object */ = {
			isa = PBXProject;
			attributes = {
				LastUpgradeCheck = 0730;
				ORGANIZATIONNAME = "微创软件";
				TargetAttributes = {
					2AECD7591D6B0E0600AB708B = {
						CreatedOnToolsVersion = 7.3.1;
					};
					2AECD7721D6B0E0600AB708B = {
						CreatedOnToolsVersion = 7.3.1;
						TestTargetID = 2AECD7591D6B0E0600AB708B;
					};
					2AECD77D1D6B0E0600AB708B = {
						CreatedOnToolsVersion = 7.3.1;
						TestTargetID = 2AECD7591D6B0E0600AB708B;
					};
				};
			};
			buildConfigurationList = 2AECD7551D6B0E0600AB708B /* Build configuration list for PBXProject "高级动画" */;
			compatibilityVersion = "Xcode 3.2";
			developmentRegion = English;
			hasScannedForEncodings = 0;
			knownRegions = (
				en,
				Base,
			);
			mainGroup = 2AECD7511D6B0E0600AB708B;
			productRefGroup = 2AECD75B1D6B0E0600AB708B /* Products */;
			projectDirPath = "";
			projectRoot = "";
			targets = (
				2AECD7591D6B0E0600AB708B /* 高级动画 */,
				2AECD7721D6B0E0600AB708B /* 高级动画Tests */,
				2AECD77D1D6B0E0600AB708B /* 高级动画UITests */,
			);
		};
/* End PBXProject section */

/* Begin PBXResourcesBuildPhase section */
		2AECD7581D6B0E0600AB708B /* Resources */ = {
			isa = PBXResourcesBuildPhase;
			buildActionMask = 2147483647;
			files = (
				2AECD76D1D6B0E0600AB708B /* LaunchScreen.storyboard in Resources */,
				2AECD76A1D6B0E0600AB708B /* Assets.xcassets in Resources */,
				2AECD7681D6B0E0600AB708B /* Main.storyboard in Resources */,
			);
			runOnlyForDeploymentPostprocessing = 0;
		};
		2AECD7711D6B0E0600AB708B /* Resources */ = {
			isa = PBXResourcesBuildPhase;
			buildActionMask = 2147483647;
			files = (
			);
			runOnlyForDeploymentPostprocessing = 0;
		};
		2AECD77C1D6B0E0600AB708B /* Resources */ = {
			isa = PBXResourcesBuildPhase;
			buildActionMask = 2147483647;
			files = (
			);
			runOnlyForDeploymentPostprocessing = 0;
		};
/* End PBXResourcesBuildPhase section */

/* Begin PBXSourcesBuildPhase section */
		2AECD7561D6B0E0600AB708B /* Sources */ = {
			isa = PBXSourcesBuildPhase;
			buildActionMask = 2147483647;
			files = (
				2A3406261D6C53EB002E450D /* HMGLTransitionView.m in Sources */,
				2A3406251D6C53EB002E450D /* HMGLTransitionManager.m in Sources */,
				2AECD7651D6B0E0600AB708B /* ViewController.m in Sources */,
				2A3406271D6C53EB002E450D /* RotateTransition.m in Sources */,
				2A3406211D6C53EB002E450D /* ClothTransition.m in Sources */,
				2A3406241D6C53EB002E450D /* HMGLTransition.m in Sources */,
				2A3406221D6C53EB002E450D /* DoorsTransition.m in Sources */,
				2AECD7621D6B0E0600AB708B /* AppDelegate.m in Sources */,
				2AECD75F1D6B0E0600AB708B /* main.m in Sources */,
				2A3406231D6C53EB002E450D /* FlipTransition.m in Sources */,
				2A3406281D6C53EB002E450D /* Switch3DTransition.m in Sources */,
			);
			runOnlyForDeploymentPostprocessing = 0;
		};
		2AECD76F1D6B0E0600AB708B /* Sources */ = {
			isa = PBXSourcesBuildPhase;
			buildActionMask = 2147483647;
			files = (
				2AECD7781D6B0E0600AB708B /* ____Tests.m in Sources */,
			);
			runOnlyForDeploymentPostprocessing = 0;
		};
		2AECD77A1D6B0E0600AB708B /* Sources */ = {
			isa = PBXSourcesBuildPhase;
			buildActionMask = 2147483647;
			files = (
				2AECD7831D6B0E0600AB708B /* ____UITests.m in Sources */,
			);
			runOnlyForDeploymentPostprocessing = 0;
		};
/* End PBXSourcesBuildPhase section */

/* Begin PBXTargetDependency section */
		2AECD7751D6B0E0600AB708B /* PBXTargetDependency */ = {
			isa = PBXTargetDependency;
			target = 2AECD7591D6B0E0600AB708B /* 高级动画 */;
			targetProxy = 2AECD7741D6B0E0600AB708B /* PBXContainerItemProxy */;
		};
		2AECD7801D6B0E0600AB708B /* PBXTargetDependency */ = {
			isa = PBXTargetDependency;
			target = 2AECD7591D6B0E0600AB708B /* 高级动画 */;
			targetProxy = 2AECD77F1D6B0E0600AB708B /* PBXContainerItemProxy */;
		};
/* End PBXTargetDependency section */

/* Begin PBXVariantGroup section */
		2AECD7661D6B0E0600AB708B /* Main.storyboard */ = {
			isa = PBXVariantGroup;
			children = (
				2AECD7671D6B0E0600AB708B /* Base */,
			);
			name = Main.storyboard;
			sourceTree = "<group>";
		};
		2AECD76B1D6B0E0600AB708B /* LaunchScreen.storyboard */ = {
			isa = PBXVariantGroup;
			children = (
				2AECD76C1D6B0E0600AB708B /* Base */,
			);
			name = LaunchScreen.storyboard;
			sourceTree = "<group>";
		};
/* End PBXVariantGroup section */

/* Begin XCBuildConfiguration section */
		2AECD7851D6B0E0600AB708B /* Debug */ = {
			isa = XCBuildConfiguration;
			buildSettings = {
				ALWAYS_SEARCH_USER_PATHS = NO;
				CLANG_ANALYZER_NONNULL = YES;
				CLANG_CXX_LANGUAGE_STANDARD = "gnu++0x";
				CLANG_CXX_LIBRARY = "libc++";
				CLANG_ENABLE_MODULES = YES;
				CLANG_ENABLE_OBJC_ARC = YES;
				CLANG_WARN_BOOL_CONVERSION = YES;
				CLANG_WARN_CONSTANT_CONVERSION = YES;
				CLANG_WARN_DIRECT_OBJC_ISA_USAGE = YES_ERROR;
				CLANG_WARN_EMPTY_BODY = YES;
				CLANG_WARN_ENUM_CONVERSION = YES;
				CLANG_WARN_INT_CONVERSION = YES;
				CLANG_WARN_OBJC_ROOT_CLASS = YES_ERROR;
				CLANG_WARN_UNREACHABLE_CODE = YES;
				CLANG_WARN__DUPLICATE_METHOD_MATCH = YES;
				"CODE_SIGN_IDENTITY[sdk=iphoneos*]" = "iPhone Developer";
				COPY_PHASE_STRIP = NO;
				DEBUG_INFORMATION_FORMAT = dwarf;
				ENABLE_STRICT_OBJC_MSGSEND = YES;
				ENABLE_TESTABILITY = YES;
				GCC_C_LANGUAGE_STANDARD = gnu99;
				GCC_DYNAMIC_NO_PIC = NO;
				GCC_NO_COMMON_BLOCKS = YES;
				GCC_OPTIMIZATION_LEVEL = 0;
				GCC_PREPROCESSOR_DEFINITIONS = (
					"DEBUG=1",
					"$(inherited)",
				);
				GCC_WARN_64_TO_32_BIT_CONVERSION = YES;
				GCC_WARN_ABOUT_RETURN_TYPE = YES_ERROR;
				GCC_WARN_UNDECLARED_SELECTOR = YES;
				GCC_WARN_UNINITIALIZED_AUTOS = YES_AGGRESSIVE;
				GCC_WARN_UNUSED_FUNCTION = YES;
				GCC_WARN_UNUSED_VARIABLE = YES;
				IPHONEOS_DEPLOYMENT_TARGET = 9.3;
				MTL_ENABLE_DEBUG_INFO = YES;
				ONLY_ACTIVE_ARCH = YES;
				SDKROOT = iphoneos;
				TARGETED_DEVICE_FAMILY = "1,2";
			};
			name = Debug;
		};
		2AECD7861D6B0E0600AB708B /* Release */ = {
			isa = XCBuildConfiguration;
			buildSettings = {
				ALWAYS_SEARCH_USER_PATHS = NO;
				CLANG_ANALYZER_NONNULL = YES;
				CLANG_CXX_LANGUAGE_STANDARD = "gnu++0x";
				CLANG_CXX_LIBRARY = "libc++";
				CLANG_ENABLE_MODULES = YES;
				CLANG_ENABLE_OBJC_ARC = YES;
				CLANG_WARN_BOOL_CONVERSION = YES;
				CLANG_WARN_CONSTANT_CONVERSION = YES;
				CLANG_WARN_DIRECT_OBJC_ISA_USAGE = YES_ERROR;
				CLANG_WARN_EMPTY_BODY = YES;
				CLANG_WARN_ENUM_CONVERSION = YES;
				CLANG_WARN_INT_CONVERSION = YES;
				CLANG_WARN_OBJC_ROOT_CLASS = YES_ERROR;
				CLANG_WARN_UNREACHABLE_CODE = YES;
				CLANG_WARN__DUPLICATE_METHOD_MATCH = YES;
				"CODE_SIGN_IDENTITY[sdk=iphoneos*]" = "iPhone Developer";
				COPY_PHASE_STRIP = NO;
				DEBUG_INFORMATION_FORMAT = "dwarf-with-dsym";
				ENABLE_NS_ASSERTIONS = NO;
				ENABLE_STRICT_OBJC_MSGSEND = YES;
				GCC_C_LANGUAGE_STANDARD = gnu99;
				GCC_NO_COMMON_BLOCKS = YES;
				GCC_WARN_64_TO_32_BIT_CONVERSION = YES;
				GCC_WARN_ABOUT_RETURN_TYPE = YES_ERROR;
				GCC_WARN_UNDECLARED_SELECTOR = YES;
				GCC_WARN_UNINITIALIZED_AUTOS = YES_AGGRESSIVE;
				GCC_WARN_UNUSED_FUNCTION = YES;
				GCC_WARN_UNUSED_VARIABLE = YES;
				IPHONEOS_DEPLOYMENT_TARGET = 9.3;
				MTL_ENABLE_DEBUG_INFO = NO;
				SDKROOT = iphoneos;
				TARGETED_DEVICE_FAMILY = "1,2";
				VALIDATE_PRODUCT = YES;
			};
			name = Release;
		};
		2AECD7881D6B0E0600AB708B /* Debug */ = {
			isa = XCBuildConfiguration;
			buildSettings = {
				ASSETCATALOG_COMPILER_APPICON_NAME = AppIcon;
				CLANG_ENABLE_OBJC_ARC = YES;
				GCC_INPUT_FILETYPE = automatic;
				INFOPLIST_FILE = "高级动画/Info.plist";
				LD_RUNPATH_SEARCH_PATHS = "$(inherited) @executable_path/Frameworks";
				PRODUCT_BUNDLE_IDENTIFIER = "liuyalin.----";
				PRODUCT_NAME = "$(TARGET_NAME)";
			};
			name = Debug;
		};
		2AECD7891D6B0E0600AB708B /* Release */ = {
			isa = XCBuildConfiguration;
			buildSettings = {
				ASSETCATALOG_COMPILER_APPICON_NAME = AppIcon;
				CLANG_ENABLE_OBJC_ARC = YES;
				GCC_INPUT_FILETYPE = automatic;
				INFOPLIST_FILE = "高级动画/Info.plist";
				LD_RUNPATH_SEARCH_PATHS = "$(inherited) @executable_path/Frameworks";
				PRODUCT_BUNDLE_IDENTIFIER = "liuyalin.----";
				PRODUCT_NAME = "$(TARGET_NAME)";
			};
			name = Release;
		};
		2AECD78B1D6B0E0600AB708B /* Debug */ = {
			isa = XCBuildConfiguration;
			buildSettings = {
				BUNDLE_LOADER = "$(TEST_HOST)";
				INFOPLIST_FILE = "高级动画Tests/Info.plist";
				LD_RUNPATH_SEARCH_PATHS = "$(inherited) @executable_path/Frameworks @loader_path/Frameworks";
				PRODUCT_BUNDLE_IDENTIFIER = "liuyalin.----Tests";
				PRODUCT_NAME = "$(TARGET_NAME)";
				TEST_HOST = "$(BUILT_PRODUCTS_DIR)/高级动画.app/高级动画";
			};
			name = Debug;
		};
		2AECD78C1D6B0E0600AB708B /* Release */ = {
			isa = XCBuildConfiguration;
			buildSettings = {
				BUNDLE_LOADER = "$(TEST_HOST)";
				INFOPLIST_FILE = "高级动画Tests/Info.plist";
				LD_RUNPATH_SEARCH_PATHS = "$(inherited) @executable_path/Frameworks @loader_path/Frameworks";
				PRODUCT_BUNDLE_IDENTIFIER = "liuyalin.----Tests";
				PRODUCT_NAME = "$(TARGET_NAME)";
				TEST_HOST = "$(BUILT_PRODUCTS_DIR)/高级动画.app/高级动画";
			};
			name = Release;
		};
		2AECD78E1D6B0E0600AB708B /* Debug */ = {
			isa = XCBuildConfiguration;
			buildSettings = {
				INFOPLIST_FILE = "高级动画UITests/Info.plist";
				LD_RUNPATH_SEARCH_PATHS = "$(inherited) @executable_path/Frameworks @loader_path/Frameworks";
				PRODUCT_BUNDLE_IDENTIFIER = "liuyalin.----UITests";
				PRODUCT_NAME = "$(TARGET_NAME)";
				TEST_TARGET_NAME = "高级动画";
			};
			name = Debug;
		};
		2AECD78F1D6B0E0600AB708B /* Release */ = {
			isa = XCBuildConfiguration;
			buildSettings = {
				INFOPLIST_FILE = "高级动画UITests/Info.plist";
				LD_RUNPATH_SEARCH_PATHS = "$(inherited) @executable_path/Frameworks @loader_path/Frameworks";
				PRODUCT_BUNDLE_IDENTIFIER = "liuyalin.----UITests";
				PRODUCT_NAME = "$(TARGET_NAME)";
				TEST_TARGET_NAME = "高级动画";
			};
			name = Release;
		};
/* End XCBuildConfiguration section */

/* Begin XCConfigurationList section */
		2AECD7551D6B0E0600AB708B /* Build configuration list for PBXProject "高级动画" */ = {
			isa = XCConfigurationList;
			buildConfigurations = (
				2AECD7851D6B0E0600AB708B /* Debug */,
				2AECD7861D6B0E0600AB708B /* Release */,
			);
			defaultConfigurationIsVisible = 0;
			defaultConfigurationName = Release;
		};
		2AECD7871D6B0E0600AB708B /* Build configuration list for PBXNativeTarget "高级动画" */ = {
			isa = XCConfigurationList;
			buildConfigurations = (
				2AECD7881D6B0E0600AB708B /* Debug */,
				2AECD7891D6B0E0600AB708B /* Release */,
			);
			defaultConfigurationIsVisible = 0;
			defaultConfigurationName = Release;
		};
		2AECD78A1D6B0E0600AB708B /* Build configuration list for PBXNativeTarget "高级动画Tests" */ = {
			isa = XCConfigurationList;
			buildConfigurations = (
				2AECD78B1D6B0E0600AB708B /* Debug */,
				2AECD78C1D6B0E0600AB708B /* Release */,
			);
			defaultConfigurationIsVisible = 0;
			defaultConfigurationName = Release;
		};
		2AECD78D1D6B0E0600AB708B /* Build configuration list for PBXNativeTarget "高级动画UITests" */ = {
			isa = XCConfigurationList;
			buildConfigurations = (
				2AECD78E1D6B0E0600AB708B /* Debug */,
				2AECD78F1D6B0E0600AB708B /* Release */,
			);
			defaultConfigurationIsVisible = 0;
			defaultConfigurationName = Release;
		};
/* End XCConfigurationList section */
	};
	rootObject = 2AECD7521D6B0E0600AB708B /* Project object */;
}
