// !$*UTF8*$!
{
	archiveVersion = 1;
	classes = {
	};
	objectVersion = 46;
	objects = {

/* Begin PBXBuildFile section */
		2AECD71A1D6B06EC00AB708B /* main.m in Sources */ = {isa = PBXBuildFile; fileRef = 2AECD7191D6B06EC00AB708B /* main.m */; };
		2AECD71D1D6B06EC00AB708B /* AppDelegate.m in Sources */ = {isa = PBXBuildFile; fileRef = 2AECD71C1D6B06EC00AB708B /* AppDelegate.m */; };
		2AECD7231D6B06EC00AB708B /* Main.storyboard in Resources */ = {isa = PBXBuildFile; fileRef = 2AECD7211D6B06EC00AB708B /* Main.storyboard */; };
		2AECD7251D6B06EC00AB708B /* Assets.xcassets in Resources */ = {isa = PBXBuildFile; fileRef = 2AECD7241D6B06EC00AB708B /* Assets.xcassets */; };
		2AECD7281D6B06EC00AB708B /* LaunchScreen.storyboard in Resources */ = {isa = PBXBuildFile; fileRef = 2AECD7261D6B06EC00AB708B /* LaunchScreen.storyboard */; };
		2AECD7331D6B06EC00AB708B /* ______Tests.m in Sources */ = {isa = PBXBuildFile; fileRef = 2AECD7321D6B06EC00AB708B /* ______Tests.m */; };
		2AECD73E1D6B06EC00AB708B /* ______UITests.m in Sources */ = {isa = PBXBuildFile; fileRef = 2AECD73D1D6B06EC00AB708B /* ______UITests.m */; };
		2AECD74D1D6B0A4200AB708B /* FirstViewController.m in Sources */ = {isa = PBXBuildFile; fileRef = 2AECD74C1D6B0A4200AB708B /* FirstViewController.m */; };
		2AECD7501D6B0A4D00AB708B /* SecondViewController.m in Sources */ = {isa = PBXBuildFile; fileRef = 2AECD74F1D6B0A4D00AB708B /* SecondViewController.m */; };
/* End PBXBuildFile section */

/* Begin PBXContainerItemProxy section */
		2AECD72F1D6B06EC00AB708B /* PBXContainerItemProxy */ = {
			isa = PBXContainerItemProxy;
			containerPortal = 2AECD70D1D6B06EC00AB708B /* Project object */;
			proxyType = 1;
			remoteGlobalIDString = 2AECD7141D6B06EC00AB708B;
			remoteInfo = "导航器控制器";
		};
		2AECD73A1D6B06EC00AB708B /* PBXContainerItemProxy */ = {
			isa = PBXContainerItemProxy;
			containerPortal = 2AECD70D1D6B06EC00AB708B /* Project object */;
			proxyType = 1;
			remoteGlobalIDString = 2AECD7141D6B06EC00AB708B;
			remoteInfo = "导航器控制器";
		};
/* End PBXContainerItemProxy section */

/* Begin PBXFileReference section */
		2AECD7151D6B06EC00AB708B /* 导航器控制器.app */ = {isa = PBXFileReference; explicitFileType = wrapper.application; includeInIndex = 0; path = "导航器控制器.app"; sourceTree = BUILT_PRODUCTS_DIR; };
		2AECD7191D6B06EC00AB708B /* main.m */ = {isa = PBXFileReference; lastKnownFileType = sourcecode.c.objc; path = main.m; sourceTree = "<group>"; };
		2AECD71B1D6B06EC00AB708B /* AppDelegate.h */ = {isa = PBXFileReference; lastKnownFileType = sourcecode.c.h; path = AppDelegate.h; sourceTree = "<group>"; };
		2AECD71C1D6B06EC00AB708B /* AppDelegate.m */ = {isa = PBXFileReference; lastKnownFileType = sourcecode.c.objc; path = AppDelegate.m; sourceTree = "<group>"; };
		2AECD7221D6B06EC00AB708B /* Base */ = {isa = PBXFileReference; lastKnownFileType = file.storyboard; name = Base; path = Base.lproj/Main.storyboard; sourceTree = "<group>"; };
		2AECD7241D6B06EC00AB708B /* Assets.xcassets */ = {isa = PBXFileReference; lastKnownFileType = folder.assetcatalog; path = Assets.xcassets; sourceTree = "<group>"; };
		2AECD7271D6B06EC00AB708B /* Base */ = {isa = PBXFileReference; lastKnownFileType = file.storyboard; name = Base; path = Base.lproj/LaunchScreen.storyboard; sourceTree = "<group>"; };
		2AECD7291D6B06EC00AB708B /* Info.plist */ = {isa = PBXFileReference; lastKnownFileType = text.plist.xml; path = Info.plist; sourceTree = "<group>"; };
		2AECD72E1D6B06EC00AB708B /* 导航器控制器Tests.xctest */ = {isa = PBXFileReference; explicitFileType = wrapper.cfbundle; includeInIndex = 0; path = "导航器控制器Tests.xctest"; sourceTree = BUILT_PRODUCTS_DIR; };
		2AECD7321D6B06EC00AB708B /* ______Tests.m */ = {isa = PBXFileReference; lastKnownFileType = sourcecode.c.objc; path = "______Tests.m"; sourceTree = "<group>"; };
		2AECD7341D6B06EC00AB708B /* Info.plist */ = {isa = PBXFileReference; lastKnownFileType = text.plist.xml; path = Info.plist; sourceTree = "<group>"; };
		2AECD7391D6B06EC00AB708B /* 导航器控制器UITests.xctest */ = {isa = PBXFileReference; explicitFileType = wrapper.cfbundle; includeInIndex = 0; path = "导航器控制器UITests.xctest"; sourceTree = BUILT_PRODUCTS_DIR; };
		2AECD73D1D6B06EC00AB708B /* ______UITests.m */ = {isa = PBXFileReference; lastKnownFileType = sourcecode.c.objc; path = "______UITests.m"; sourceTree = "<group>"; };
		2AECD73F1D6B06EC00AB708B /* Info.plist */ = {isa = PBXFileReference; lastKnownFileType = text.plist.xml; path = Info.plist; sourceTree = "<group>"; };
		2AECD74B1D6B0A4200AB708B /* FirstViewController.h */ = {isa = PBXFileReference; fileEncoding = 4; lastKnownFileType = sourcecode.c.h; path = FirstViewController.h; sourceTree = "<group>"; };
		2AECD74C1D6B0A4200AB708B /* FirstViewController.m */ = {isa = PBXFileReference; fileEncoding = 4; lastKnownFileType = sourcecode.c.objc; path = FirstViewController.m; sourceTree = "<group>"; };
		2AECD74E1D6B0A4D00AB708B /* SecondViewController.h */ = {isa = PBXFileReference; fileEncoding = 4; lastKnownFileType = sourcecode.c.h; path = SecondViewController.h; sourceTree = "<group>"; };
		2AECD74F1D6B0A4D00AB708B /* SecondViewController.m */ = {isa = PBXFileReference; fileEncoding = 4; lastKnownFileType = sourcecode.c.objc; path = SecondViewController.m; sourceTree = "<group>"; };
/* End PBXFileReference section */

/* Begin PBXFrameworksBuildPhase section */
		2AECD7121D6B06EC00AB708B /* Frameworks */ = {
			isa = PBXFrameworksBuildPhase;
			buildActionMask = 2147483647;
			files = (
			);
			runOnlyForDeploymentPostprocessing = 0;
		};
		2AECD72B1D6B06EC00AB708B /* Frameworks */ = {
			isa = PBXFrameworksBuildPhase;
			buildActionMask = 2147483647;
			files = (
			);
			runOnlyForDeploymentPostprocessing = 0;
		};
		2AECD7361D6B06EC00AB708B /* Frameworks */ = {
			isa = PBXFrameworksBuildPhase;
			buildActionMask = 2147483647;
			files = (
			);
			runOnlyForDeploymentPostprocessing = 0;
		};
/* End PBXFrameworksBuildPhase section */

/* Begin PBXGroup section */
		2AECD70C1D6B06EC00AB708B = {
			isa = PBXGroup;
			children = (
				2AECD7171D6B06EC00AB708B /* 导航器控制器 */,
				2AECD7311D6B06EC00AB708B /* 导航器控制器Tests */,
				2AECD73C1D6B06EC00AB708B /* 导航器控制器UITests */,
				2AECD7161D6B06EC00AB708B /* Products */,
			);
			sourceTree = "<group>";
		};
		2AECD7161D6B06EC00AB708B /* Products */ = {
			isa = PBXGroup;
			children = (
				2AECD7151D6B06EC00AB708B /* 导航器控制器.app */,
				2AECD72E1D6B06EC00AB708B /* 导航器控制器Tests.xctest */,
				2AECD7391D6B06EC00AB708B /* 导航器控制器UITests.xctest */,
			);
			name = Products;
			sourceTree = "<group>";
		};
		2AECD7171D6B06EC00AB708B /* 导航器控制器 */ = {
			isa = PBXGroup;
			children = (
				2AECD71B1D6B06EC00AB708B /* AppDelegate.h */,
				2AECD71C1D6B06EC00AB708B /* AppDelegate.m */,
				2AECD7211D6B06EC00AB708B /* Main.storyboard */,
				2AECD7241D6B06EC00AB708B /* Assets.xcassets */,
				2AECD7261D6B06EC00AB708B /* LaunchScreen.storyboard */,
				2AECD7291D6B06EC00AB708B /* Info.plist */,
				2AECD7181D6B06EC00AB708B /* Supporting Files */,
				2AECD74B1D6B0A4200AB708B /* FirstViewController.h */,
				2AECD74C1D6B0A4200AB708B /* FirstViewController.m */,
				2AECD74E1D6B0A4D00AB708B /* SecondViewController.h */,
				2AECD74F1D6B0A4D00AB708B /* SecondViewController.m */,
			);
			path = "导航器控制器";
			sourceTree = "<group>";
		};
		2AECD7181D6B06EC00AB708B /* Supporting Files */ = {
			isa = PBXGroup;
			children = (
				2AECD7191D6B06EC00AB708B /* main.m */,
			);
			name = "Supporting Files";
			sourceTree = "<group>";
		};
		2AECD7311D6B06EC00AB708B /* 导航器控制器Tests */ = {
			isa = PBXGroup;
			children = (
				2AECD7321D6B06EC00AB708B /* ______Tests.m */,
				2AECD7341D6B06EC00AB708B /* Info.plist */,
			);
			path = "导航器控制器Tests";
			sourceTree = "<group>";
		};
		2AECD73C1D6B06EC00AB708B /* 导航器控制器UITests */ = {
			isa = PBXGroup;
			children = (
				2AECD73D1D6B06EC00AB708B /* ______UITests.m */,
				2AECD73F1D6B06EC00AB708B /* Info.plist */,
			);
			path = "导航器控制器UITests";
			sourceTree = "<group>";
		};
/* End PBXGroup section */

/* Begin PBXNativeTarget section */
		2AECD7141D6B06EC00AB708B /* 导航器控制器 */ = {
			isa = PBXNativeTarget;
			buildConfigurationList = 2AECD7421D6B06EC00AB708B /* Build configuration list for PBXNativeTarget "导航器控制器" */;
			buildPhases = (
				2AECD7111D6B06EC00AB708B /* Sources */,
				2AECD7121D6B06EC00AB708B /* Frameworks */,
				2AECD7131D6B06EC00AB708B /* Resources */,
			);
			buildRules = (
			);
			dependencies = (
			);
			name = "导航器控制器";
			productName = "导航器控制器";
			productReference = 2AECD7151D6B06EC00AB708B /* 导航器控制器.app */;
			productType = "com.apple.product-type.application";
		};
		2AECD72D1D6B06EC00AB708B /* 导航器控制器Tests */ = {
			isa = PBXNativeTarget;
			buildConfigurationList = 2AECD7451D6B06EC00AB708B /* Build configuration list for PBXNativeTarget "导航器控制器Tests" */;
			buildPhases = (
				2AECD72A1D6B06EC00AB708B /* Sources */,
				2AECD72B1D6B06EC00AB708B /* Frameworks */,
				2AECD72C1D6B06EC00AB708B /* Resources */,
			);
			buildRules = (
			);
			dependencies = (
				2AECD7301D6B06EC00AB708B /* PBXTargetDependency */,
			);
			name = "导航器控制器Tests";
			productName = "导航器控制器Tests";
			productReference = 2AECD72E1D6B06EC00AB708B /* 导航器控制器Tests.xctest */;
			productType = "com.apple.product-type.bundle.unit-test";
		};
		2AECD7381D6B06EC00AB708B /* 导航器控制器UITests */ = {
			isa = PBXNativeTarget;
			buildConfigurationList = 2AECD7481D6B06EC00AB708B /* Build configuration list for PBXNativeTarget "导航器控制器UITests" */;
			buildPhases = (
				2AECD7351D6B06EC00AB708B /* Sources */,
				2AECD7361D6B06EC00AB708B /* Frameworks */,
				2AECD7371D6B06EC00AB708B /* Resources */,
			);
			buildRules = (
			);
			dependencies = (
				2AECD73B1D6B06EC00AB708B /* PBXTargetDependency */,
			);
			name = "导航器控制器UITests";
			productName = "导航器控制器UITests";
			productReference = 2AECD7391D6B06EC00AB708B /* 导航器控制器UITests.xctest */;
			productType = "com.apple.product-type.bundle.ui-testing";
		};
/* End PBXNativeTarget section */

/* Begin PBXProject section */
		2AECD70D1D6B06EC00AB708B /* Project object */ = {
			isa = PBXProject;
			attributes = {
				LastUpgradeCheck = 0730;
				ORGANIZATIONNAME = "微创软件";
				TargetAttributes = {
					2AECD7141D6B06EC00AB708B = {
						CreatedOnToolsVersion = 7.3.1;
					};
					2AECD72D1D6B06EC00AB708B = {
						CreatedOnToolsVersion = 7.3.1;
						TestTargetID = 2AECD7141D6B06EC00AB708B;
					};
					2AECD7381D6B06EC00AB708B = {
						CreatedOnToolsVersion = 7.3.1;
						TestTargetID = 2AECD7141D6B06EC00AB708B;
					};
				};
			};
			buildConfigurationList = 2AECD7101D6B06EC00AB708B /* Build configuration list for PBXProject "导航器控制器" */;
			compatibilityVersion = "Xcode 3.2";
			developmentRegion = English;
			hasScannedForEncodings = 0;
			knownRegions = (
				en,
				Base,
			);
			mainGroup = 2AECD70C1D6B06EC00AB708B;
			productRefGroup = 2AECD7161D6B06EC00AB708B /* Products */;
			projectDirPath = "";
			projectRoot = "";
			targets = (
				2AECD7141D6B06EC00AB708B /* 导航器控制器 */,
				2AECD72D1D6B06EC00AB708B /* 导航器控制器Tests */,
				2AECD7381D6B06EC00AB708B /* 导航器控制器UITests */,
			);
		};
/* End PBXProject section */

/* Begin PBXResourcesBuildPhase section */
		2AECD7131D6B06EC00AB708B /* Resources */ = {
			isa = PBXResourcesBuildPhase;
			buildActionMask = 2147483647;
			files = (
				2AECD7281D6B06EC00AB708B /* LaunchScreen.storyboard in Resources */,
				2AECD7251D6B06EC00AB708B /* Assets.xcassets in Resources */,
				2AECD7231D6B06EC00AB708B /* Main.storyboard in Resources */,
			);
			runOnlyForDeploymentPostprocessing = 0;
		};
		2AECD72C1D6B06EC00AB708B /* Resources */ = {
			isa = PBXResourcesBuildPhase;
			buildActionMask = 2147483647;
			files = (
			);
			runOnlyForDeploymentPostprocessing = 0;
		};
		2AECD7371D6B06EC00AB708B /* Resources */ = {
			isa = PBXResourcesBuildPhase;
			buildActionMask = 2147483647;
			files = (
			);
			runOnlyForDeploymentPostprocessing = 0;
		};
/* End PBXResourcesBuildPhase section */

/* Begin PBXSourcesBuildPhase section */
		2AECD7111D6B06EC00AB708B /* Sources */ = {
			isa = PBXSourcesBuildPhase;
			buildActionMask = 2147483647;
			files = (
				2AECD7501D6B0A4D00AB708B /* SecondViewController.m in Sources */,
				2AECD71D1D6B06EC00AB708B /* AppDelegate.m in Sources */,
				2AECD71A1D6B06EC00AB708B /* main.m in Sources */,
				2AECD74D1D6B0A4200AB708B /* FirstViewController.m in Sources */,
			);
			runOnlyForDeploymentPostprocessing = 0;
		};
		2AECD72A1D6B06EC00AB708B /* Sources */ = {
			isa = PBXSourcesBuildPhase;
			buildActionMask = 2147483647;
			files = (
				2AECD7331D6B06EC00AB708B /* ______Tests.m in Sources */,
			);
			runOnlyForDeploymentPostprocessing = 0;
		};
		2AECD7351D6B06EC00AB708B /* Sources */ = {
			isa = PBXSourcesBuildPhase;
			buildActionMask = 2147483647;
			files = (
				2AECD73E1D6B06EC00AB708B /* ______UITests.m in Sources */,
			);
			runOnlyForDeploymentPostprocessing = 0;
		};
/* End PBXSourcesBuildPhase section */

/* Begin PBXTargetDependency section */
		2AECD7301D6B06EC00AB708B /* PBXTargetDependency */ = {
			isa = PBXTargetDependency;
			target = 2AECD7141D6B06EC00AB708B /* 导航器控制器 */;
			targetProxy = 2AECD72F1D6B06EC00AB708B /* PBXContainerItemProxy */;
		};
		2AECD73B1D6B06EC00AB708B /* PBXTargetDependency */ = {
			isa = PBXTargetDependency;
			target = 2AECD7141D6B06EC00AB708B /* 导航器控制器 */;
			targetProxy = 2AECD73A1D6B06EC00AB708B /* PBXContainerItemProxy */;
		};
/* End PBXTargetDependency section */

/* Begin PBXVariantGroup section */
		2AECD7211D6B06EC00AB708B /* Main.storyboard */ = {
			isa = PBXVariantGroup;
			children = (
				2AECD7221D6B06EC00AB708B /* Base */,
			);
			name = Main.storyboard;
			sourceTree = "<group>";
		};
		2AECD7261D6B06EC00AB708B /* LaunchScreen.storyboard */ = {
			isa = PBXVariantGroup;
			children = (
				2AECD7271D6B06EC00AB708B /* Base */,
			);
			name = LaunchScreen.storyboard;
			sourceTree = "<group>";
		};
/* End PBXVariantGroup section */

/* Begin XCBuildConfiguration section */
		2AECD7401D6B06EC00AB708B /* Debug */ = {
			isa = XCBuildConfiguration;
			buildSettings = {
				ALWAYS_SEARCH_USER_PATHS = NO;
				CLANG_ANALYZER_NONNULL = YES;
				CLANG_CXX_LANGUAGE_STANDARD = "gnu++0x";
				CLANG_CXX_LIBRARY = "libc++";
				CLANG_ENABLE_MODULES = YES;
				CLANG_ENABLE_OBJC_ARC = YES;
				CLANG_WARN_BOOL_CONVERSION = YES;
				CLANG_WARN_CONSTANT_CONVERSION = YES;
				CLANG_WARN_DIRECT_OBJC_ISA_USAGE = YES_ERROR;
				CLANG_WARN_EMPTY_BODY = YES;
				CLANG_WARN_ENUM_CONVERSION = YES;
				CLANG_WARN_INT_CONVERSION = YES;
				CLANG_WARN_OBJC_ROOT_CLASS = YES_ERROR;
				CLANG_WARN_UNREACHABLE_CODE = YES;
				CLANG_WARN__DUPLICATE_METHOD_MATCH = YES;
				"CODE_SIGN_IDENTITY[sdk=iphoneos*]" = "iPhone Developer";
				COPY_PHASE_STRIP = NO;
				DEBUG_INFORMATION_FORMAT = dwarf;
				ENABLE_STRICT_OBJC_MSGSEND = YES;
				ENABLE_TESTABILITY = YES;
				GCC_C_LANGUAGE_STANDARD = gnu99;
				GCC_DYNAMIC_NO_PIC = NO;
				GCC_NO_COMMON_BLOCKS = YES;
				GCC_OPTIMIZATION_LEVEL = 0;
				GCC_PREPROCESSOR_DEFINITIONS = (
					"DEBUG=1",
					"$(inherited)",
				);
				GCC_WARN_64_TO_32_BIT_CONVERSION = YES;
				GCC_WARN_ABOUT_RETURN_TYPE = YES_ERROR;
				GCC_WARN_UNDECLARED_SELECTOR = YES;
				GCC_WARN_UNINITIALIZED_AUTOS = YES_AGGRESSIVE;
				GCC_WARN_UNUSED_FUNCTION = YES;
				GCC_WARN_UNUSED_VARIABLE = YES;
				IPHONEOS_DEPLOYMENT_TARGET = 9.3;
				MTL_ENABLE_DEBUG_INFO = YES;
				ONLY_ACTIVE_ARCH = YES;
				SDKROOT = iphoneos;
				TARGETED_DEVICE_FAMILY = "1,2";
			};
			name = Debug;
		};
		2AECD7411D6B06EC00AB708B /* Release */ = {
			isa = XCBuildConfiguration;
			buildSettings = {
				ALWAYS_SEARCH_USER_PATHS = NO;
				CLANG_ANALYZER_NONNULL = YES;
				CLANG_CXX_LANGUAGE_STANDARD = "gnu++0x";
				CLANG_CXX_LIBRARY = "libc++";
				CLANG_ENABLE_MODULES = YES;
				CLANG_ENABLE_OBJC_ARC = YES;
				CLANG_WARN_BOOL_CONVERSION = YES;
				CLANG_WARN_CONSTANT_CONVERSION = YES;
				CLANG_WARN_DIRECT_OBJC_ISA_USAGE = YES_ERROR;
				CLANG_WARN_EMPTY_BODY = YES;
				CLANG_WARN_ENUM_CONVERSION = YES;
				CLANG_WARN_INT_CONVERSION = YES;
				CLANG_WARN_OBJC_ROOT_CLASS = YES_ERROR;
				CLANG_WARN_UNREACHABLE_CODE = YES;
				CLANG_WARN__DUPLICATE_METHOD_MATCH = YES;
				"CODE_SIGN_IDENTITY[sdk=iphoneos*]" = "iPhone Developer";
				COPY_PHASE_STRIP = NO;
				DEBUG_INFORMATION_FORMAT = "dwarf-with-dsym";
				ENABLE_NS_ASSERTIONS = NO;
				ENABLE_STRICT_OBJC_MSGSEND = YES;
				GCC_C_LANGUAGE_STANDARD = gnu99;
				GCC_NO_COMMON_BLOCKS = YES;
				GCC_WARN_64_TO_32_BIT_CONVERSION = YES;
				GCC_WARN_ABOUT_RETURN_TYPE = YES_ERROR;
				GCC_WARN_UNDECLARED_SELECTOR = YES;
				GCC_WARN_UNINITIALIZED_AUTOS = YES_AGGRESSIVE;
				GCC_WARN_UNUSED_FUNCTION = YES;
				GCC_WARN_UNUSED_VARIABLE = YES;
				IPHONEOS_DEPLOYMENT_TARGET = 9.3;
				MTL_ENABLE_DEBUG_INFO = NO;
				SDKROOT = iphoneos;
				TARGETED_DEVICE_FAMILY = "1,2";
				VALIDATE_PRODUCT = YES;
			};
			name = Release;
		};
		2AECD7431D6B06EC00AB708B /* Debug */ = {
			isa = XCBuildConfiguration;
			buildSettings = {
				ASSETCATALOG_COMPILER_APPICON_NAME = AppIcon;
				INFOPLIST_FILE = "导航器控制器/Info.plist";
				LD_RUNPATH_SEARCH_PATHS = "$(inherited) @executable_path/Frameworks";
				PRODUCT_BUNDLE_IDENTIFIER = "liuyalin.------";
				PRODUCT_NAME = "$(TARGET_NAME)";
			};
			name = Debug;
		};
		2AECD7441D6B06EC00AB708B /* Release */ = {
			isa = XCBuildConfiguration;
			buildSettings = {
				ASSETCATALOG_COMPILER_APPICON_NAME = AppIcon;
				INFOPLIST_FILE = "导航器控制器/Info.plist";
				LD_RUNPATH_SEARCH_PATHS = "$(inherited) @executable_path/Frameworks";
				PRODUCT_BUNDLE_IDENTIFIER = "liuyalin.------";
				PRODUCT_NAME = "$(TARGET_NAME)";
			};
			name = Release;
		};
		2AECD7461D6B06EC00AB708B /* Debug */ = {
			isa = XCBuildConfiguration;
			buildSettings = {
				BUNDLE_LOADER = "$(TEST_HOST)";
				INFOPLIST_FILE = "导航器控制器Tests/Info.plist";
				LD_RUNPATH_SEARCH_PATHS = "$(inherited) @executable_path/Frameworks @loader_path/Frameworks";
				PRODUCT_BUNDLE_IDENTIFIER = "liuyalin.------Tests";
				PRODUCT_NAME = "$(TARGET_NAME)";
				TEST_HOST = "$(BUILT_PRODUCTS_DIR)/导航器控制器.app/导航器控制器";
			};
			name = Debug;
		};
		2AECD7471D6B06EC00AB708B /* Release */ = {
			isa = XCBuildConfiguration;
			buildSettings = {
				BUNDLE_LOADER = "$(TEST_HOST)";
				INFOPLIST_FILE = "导航器控制器Tests/Info.plist";
				LD_RUNPATH_SEARCH_PATHS = "$(inherited) @executable_path/Frameworks @loader_path/Frameworks";
				PRODUCT_BUNDLE_IDENTIFIER = "liuyalin.------Tests";
				PRODUCT_NAME = "$(TARGET_NAME)";
				TEST_HOST = "$(BUILT_PRODUCTS_DIR)/导航器控制器.app/导航器控制器";
			};
			name = Release;
		};
		2AECD7491D6B06EC00AB708B /* Debug */ = {
			isa = XCBuildConfiguration;
			buildSettings = {
				INFOPLIST_FILE = "导航器控制器UITests/Info.plist";
				LD_RUNPATH_SEARCH_PATHS = "$(inherited) @executable_path/Frameworks @loader_path/Frameworks";
				PRODUCT_BUNDLE_IDENTIFIER = "liuyalin.------UITests";
				PRODUCT_NAME = "$(TARGET_NAME)";
				TEST_TARGET_NAME = "导航器控制器";
			};
			name = Debug;
		};
		2AECD74A1D6B06EC00AB708B /* Release */ = {
			isa = XCBuildConfiguration;
			buildSettings = {
				INFOPLIST_FILE = "导航器控制器UITests/Info.plist";
				LD_RUNPATH_SEARCH_PATHS = "$(inherited) @executable_path/Frameworks @loader_path/Frameworks";
				PRODUCT_BUNDLE_IDENTIFIER = "liuyalin.------UITests";
				PRODUCT_NAME = "$(TARGET_NAME)";
				TEST_TARGET_NAME = "导航器控制器";
			};
			name = Release;
		};
/* End XCBuildConfiguration section */

/* Begin XCConfigurationList section */
		2AECD7101D6B06EC00AB708B /* Build configuration list for PBXProject "导航器控制器" */ = {
			isa = XCConfigurationList;
			buildConfigurations = (
				2AECD7401D6B06EC00AB708B /* Debug */,
				2AECD7411D6B06EC00AB708B /* Release */,
			);
			defaultConfigurationIsVisible = 0;
			defaultConfigurationName = Release;
		};
		2AECD7421D6B06EC00AB708B /* Build configuration list for PBXNativeTarget "导航器控制器" */ = {
			isa = XCConfigurationList;
			buildConfigurations = (
				2AECD7431D6B06EC00AB708B /* Debug */,
				2AECD7441D6B06EC00AB708B /* Release */,
			);
			defaultConfigurationIsVisible = 0;
		};
		2AECD7451D6B06EC00AB708B /* Build configuration list for PBXNativeTarget "导航器控制器Tests" */ = {
			isa = XCConfigurationList;
			buildConfigurations = (
				2AECD7461D6B06EC00AB708B /* Debug */,
				2AECD7471D6B06EC00AB708B /* Release */,
			);
			defaultConfigurationIsVisible = 0;
		};
		2AECD7481D6B06EC00AB708B /* Build configuration list for PBXNativeTarget "导航器控制器UITests" */ = {
			isa = XCConfigurationList;
			buildConfigurations = (
				2AECD7491D6B06EC00AB708B /* Debug */,
				2AECD74A1D6B06EC00AB708B /* Release */,
			);
			defaultConfigurationIsVisible = 0;
		};
/* End XCConfigurationList section */
	};
	rootObject = 2AECD70D1D6B06EC00AB708B /* Project object */;
}
