// !$*UTF8*$!
{
	archiveVersion = 1;
	classes = {
	};
	objectVersion = 46;
	objects = {

/* Begin PBXBuildFile section */
		2A34063D1D6C649A002E450D /* main.m in Sources */ = {isa = PBXBuildFile; fileRef = 2A34063C1D6C649A002E450D /* main.m */; };
		2A3406401D6C649A002E450D /* AppDelegate.m in Sources */ = {isa = PBXBuildFile; fileRef = 2A34063F1D6C649A002E450D /* AppDelegate.m */; };
		2A3406431D6C649A002E450D /* ViewController.m in Sources */ = {isa = PBXBuildFile; fileRef = 2A3406421D6C649A002E450D /* ViewController.m */; };
		2A3406461D6C649A002E450D /* Main.storyboard in Resources */ = {isa = PBXBuildFile; fileRef = 2A3406441D6C649A002E450D /* Main.storyboard */; };
		2A3406481D6C649A002E450D /* Assets.xcassets in Resources */ = {isa = PBXBuildFile; fileRef = 2A3406471D6C649A002E450D /* Assets.xcassets */; };
		2A34064B1D6C649A002E450D /* LaunchScreen.storyboard in Resources */ = {isa = PBXBuildFile; fileRef = 2A3406491D6C649A002E450D /* LaunchScreen.storyboard */; };
		2A3406561D6C649A002E450D /* NSURLConnect____Tests.m in Sources */ = {isa = PBXBuildFile; fileRef = 2A3406551D6C649A002E450D /* NSURLConnect____Tests.m */; };
		2A3406611D6C649A002E450D /* NSURLConnect____UITests.m in Sources */ = {isa = PBXBuildFile; fileRef = 2A3406601D6C649A002E450D /* NSURLConnect____UITests.m */; };
/* End PBXBuildFile section */

/* Begin PBXContainerItemProxy section */
		2A3406521D6C649A002E450D /* PBXContainerItemProxy */ = {
			isa = PBXContainerItemProxy;
			containerPortal = 2A3406301D6C649A002E450D /* Project object */;
			proxyType = 1;
			remoteGlobalIDString = 2A3406371D6C649A002E450D;
			remoteInfo = "NSURLConnect网络连接";
		};
		2A34065D1D6C649A002E450D /* PBXContainerItemProxy */ = {
			isa = PBXContainerItemProxy;
			containerPortal = 2A3406301D6C649A002E450D /* Project object */;
			proxyType = 1;
			remoteGlobalIDString = 2A3406371D6C649A002E450D;
			remoteInfo = "NSURLConnect网络连接";
		};
/* End PBXContainerItemProxy section */

/* Begin PBXFileReference section */
		2A3406381D6C649A002E450D /* NSURLConnect网络连接.app */ = {isa = PBXFileReference; explicitFileType = wrapper.application; includeInIndex = 0; path = "NSURLConnect网络连接.app"; sourceTree = BUILT_PRODUCTS_DIR; };
		2A34063C1D6C649A002E450D /* main.m */ = {isa = PBXFileReference; lastKnownFileType = sourcecode.c.objc; path = main.m; sourceTree = "<group>"; };
		2A34063E1D6C649A002E450D /* AppDelegate.h */ = {isa = PBXFileReference; lastKnownFileType = sourcecode.c.h; path = AppDelegate.h; sourceTree = "<group>"; };
		2A34063F1D6C649A002E450D /* AppDelegate.m */ = {isa = PBXFileReference; lastKnownFileType = sourcecode.c.objc; path = AppDelegate.m; sourceTree = "<group>"; };
		2A3406411D6C649A002E450D /* ViewController.h */ = {isa = PBXFileReference; lastKnownFileType = sourcecode.c.h; path = ViewController.h; sourceTree = "<group>"; };
		2A3406421D6C649A002E450D /* ViewController.m */ = {isa = PBXFileReference; lastKnownFileType = sourcecode.c.objc; path = ViewController.m; sourceTree = "<group>"; };
		2A3406451D6C649A002E450D /* Base */ = {isa = PBXFileReference; lastKnownFileType = file.storyboard; name = Base; path = Base.lproj/Main.storyboard; sourceTree = "<group>"; };
		2A3406471D6C649A002E450D /* Assets.xcassets */ = {isa = PBXFileReference; lastKnownFileType = folder.assetcatalog; path = Assets.xcassets; sourceTree = "<group>"; };
		2A34064A1D6C649A002E450D /* Base */ = {isa = PBXFileReference; lastKnownFileType = file.storyboard; name = Base; path = Base.lproj/LaunchScreen.storyboard; sourceTree = "<group>"; };
		2A34064C1D6C649A002E450D /* Info.plist */ = {isa = PBXFileReference; lastKnownFileType = text.plist.xml; path = Info.plist; sourceTree = "<group>"; };
		2A3406511D6C649A002E450D /* NSURLConnect网络连接Tests.xctest */ = {isa = PBXFileReference; explicitFileType = wrapper.cfbundle; includeInIndex = 0; path = "NSURLConnect网络连接Tests.xctest"; sourceTree = BUILT_PRODUCTS_DIR; };
		2A3406551D6C649A002E450D /* NSURLConnect____Tests.m */ = {isa = PBXFileReference; lastKnownFileType = sourcecode.c.objc; path = "NSURLConnect____Tests.m"; sourceTree = "<group>"; };
		2A3406571D6C649A002E450D /* Info.plist */ = {isa = PBXFileReference; lastKnownFileType = text.plist.xml; path = Info.plist; sourceTree = "<group>"; };
		2A34065C1D6C649A002E450D /* NSURLConnect网络连接UITests.xctest */ = {isa = PBXFileReference; explicitFileType = wrapper.cfbundle; includeInIndex = 0; path = "NSURLConnect网络连接UITests.xctest"; sourceTree = BUILT_PRODUCTS_DIR; };
		2A3406601D6C649A002E450D /* NSURLConnect____UITests.m */ = {isa = PBXFileReference; lastKnownFileType = sourcecode.c.objc; path = "NSURLConnect____UITests.m"; sourceTree = "<group>"; };
		2A3406621D6C649A002E450D /* Info.plist */ = {isa = PBXFileReference; lastKnownFileType = text.plist.xml; path = Info.plist; sourceTree = "<group>"; };
/* End PBXFileReference section */

/* Begin PBXFrameworksBuildPhase section */
		2A3406351D6C649A002E450D /* Frameworks */ = {
			isa = PBXFrameworksBuildPhase;
			buildActionMask = 2147483647;
			files = (
			);
			runOnlyForDeploymentPostprocessing = 0;
		};
		2A34064E1D6C649A002E450D /* Frameworks */ = {
			isa = PBXFrameworksBuildPhase;
			buildActionMask = 2147483647;
			files = (
			);
			runOnlyForDeploymentPostprocessing = 0;
		};
		2A3406591D6C649A002E450D /* Frameworks */ = {
			isa = PBXFrameworksBuildPhase;
			buildActionMask = 2147483647;
			files = (
			);
			runOnlyForDeploymentPostprocessing = 0;
		};
/* End PBXFrameworksBuildPhase section */

/* Begin PBXGroup section */
		2A34062F1D6C649A002E450D = {
			isa = PBXGroup;
			children = (
				2A34063A1D6C649A002E450D /* NSURLConnect网络连接 */,
				2A3406541D6C649A002E450D /* NSURLConnect网络连接Tests */,
				2A34065F1D6C649A002E450D /* NSURLConnect网络连接UITests */,
				2A3406391D6C649A002E450D /* Products */,
			);
			sourceTree = "<group>";
		};
		2A3406391D6C649A002E450D /* Products */ = {
			isa = PBXGroup;
			children = (
				2A3406381D6C649A002E450D /* NSURLConnect网络连接.app */,
				2A3406511D6C649A002E450D /* NSURLConnect网络连接Tests.xctest */,
				2A34065C1D6C649A002E450D /* NSURLConnect网络连接UITests.xctest */,
			);
			name = Products;
			sourceTree = "<group>";
		};
		2A34063A1D6C649A002E450D /* NSURLConnect网络连接 */ = {
			isa = PBXGroup;
			children = (
				2A34063E1D6C649A002E450D /* AppDelegate.h */,
				2A34063F1D6C649A002E450D /* AppDelegate.m */,
				2A3406411D6C649A002E450D /* ViewController.h */,
				2A3406421D6C649A002E450D /* ViewController.m */,
				2A3406441D6C649A002E450D /* Main.storyboard */,
				2A3406471D6C649A002E450D /* Assets.xcassets */,
				2A3406491D6C649A002E450D /* LaunchScreen.storyboard */,
				2A34064C1D6C649A002E450D /* Info.plist */,
				2A34063B1D6C649A002E450D /* Supporting Files */,
			);
			path = "NSURLConnect网络连接";
			sourceTree = "<group>";
		};
		2A34063B1D6C649A002E450D /* Supporting Files */ = {
			isa = PBXGroup;
			children = (
				2A34063C1D6C649A002E450D /* main.m */,
			);
			name = "Supporting Files";
			sourceTree = "<group>";
		};
		2A3406541D6C649A002E450D /* NSURLConnect网络连接Tests */ = {
			isa = PBXGroup;
			children = (
				2A3406551D6C649A002E450D /* NSURLConnect____Tests.m */,
				2A3406571D6C649A002E450D /* Info.plist */,
			);
			path = "NSURLConnect网络连接Tests";
			sourceTree = "<group>";
		};
		2A34065F1D6C649A002E450D /* NSURLConnect网络连接UITests */ = {
			isa = PBXGroup;
			children = (
				2A3406601D6C649A002E450D /* NSURLConnect____UITests.m */,
				2A3406621D6C649A002E450D /* Info.plist */,
			);
			path = "NSURLConnect网络连接UITests";
			sourceTree = "<group>";
		};
/* End PBXGroup section */

/* Begin PBXNativeTarget section */
		2A3406371D6C649A002E450D /* NSURLConnect网络连接 */ = {
			isa = PBXNativeTarget;
			buildConfigurationList = 2A3406651D6C649A002E450D /* Build configuration list for PBXNativeTarget "NSURLConnect网络连接" */;
			buildPhases = (
				2A3406341D6C649A002E450D /* Sources */,
				2A3406351D6C649A002E450D /* Frameworks */,
				2A3406361D6C649A002E450D /* Resources */,
			);
			buildRules = (
			);
			dependencies = (
			);
			name = "NSURLConnect网络连接";
			productName = "NSURLConnect网络连接";
			productReference = 2A3406381D6C649A002E450D /* NSURLConnect网络连接.app */;
			productType = "com.apple.product-type.application";
		};
		2A3406501D6C649A002E450D /* NSURLConnect网络连接Tests */ = {
			isa = PBXNativeTarget;
			buildConfigurationList = 2A3406681D6C649A002E450D /* Build configuration list for PBXNativeTarget "NSURLConnect网络连接Tests" */;
			buildPhases = (
				2A34064D1D6C649A002E450D /* Sources */,
				2A34064E1D6C649A002E450D /* Frameworks */,
				2A34064F1D6C649A002E450D /* Resources */,
			);
			buildRules = (
			);
			dependencies = (
				2A3406531D6C649A002E450D /* PBXTargetDependency */,
			);
			name = "NSURLConnect网络连接Tests";
			productName = "NSURLConnect网络连接Tests";
			productReference = 2A3406511D6C649A002E450D /* NSURLConnect网络连接Tests.xctest */;
			productType = "com.apple.product-type.bundle.unit-test";
		};
		2A34065B1D6C649A002E450D /* NSURLConnect网络连接UITests */ = {
			isa = PBXNativeTarget;
			buildConfigurationList = 2A34066B1D6C649A002E450D /* Build configuration list for PBXNativeTarget "NSURLConnect网络连接UITests" */;
			buildPhases = (
				2A3406581D6C649A002E450D /* Sources */,
				2A3406591D6C649A002E450D /* Frameworks */,
				2A34065A1D6C649A002E450D /* Resources */,
			);
			buildRules = (
			);
			dependencies = (
				2A34065E1D6C649A002E450D /* PBXTargetDependency */,
			);
			name = "NSURLConnect网络连接UITests";
			productName = "NSURLConnect网络连接UITests";
			productReference = 2A34065C1D6C649A002E450D /* NSURLConnect网络连接UITests.xctest */;
			productType = "com.apple.product-type.bundle.ui-testing";
		};
/* End PBXNativeTarget section */

/* Begin PBXProject section */
		2A3406301D6C649A002E450D /* Project object */ = {
			isa = PBXProject;
			attributes = {
				LastUpgradeCheck = 0730;
				ORGANIZATIONNAME = "微创软件";
				TargetAttributes = {
					2A3406371D6C649A002E450D = {
						CreatedOnToolsVersion = 7.3.1;
					};
					2A3406501D6C649A002E450D = {
						CreatedOnToolsVersion = 7.3.1;
						TestTargetID = 2A3406371D6C649A002E450D;
					};
					2A34065B1D6C649A002E450D = {
						CreatedOnToolsVersion = 7.3.1;
						TestTargetID = 2A3406371D6C649A002E450D;
					};
				};
			};
			buildConfigurationList = 2A3406331D6C649A002E450D /* Build configuration list for PBXProject "NSURLConnect网络连接" */;
			compatibilityVersion = "Xcode 3.2";
			developmentRegion = English;
			hasScannedForEncodings = 0;
			knownRegions = (
				en,
				Base,
			);
			mainGroup = 2A34062F1D6C649A002E450D;
			productRefGroup = 2A3406391D6C649A002E450D /* Products */;
			projectDirPath = "";
			projectRoot = "";
			targets = (
				2A3406371D6C649A002E450D /* NSURLConnect网络连接 */,
				2A3406501D6C649A002E450D /* NSURLConnect网络连接Tests */,
				2A34065B1D6C649A002E450D /* NSURLConnect网络连接UITests */,
			);
		};
/* End PBXProject section */

/* Begin PBXResourcesBuildPhase section */
		2A3406361D6C649A002E450D /* Resources */ = {
			isa = PBXResourcesBuildPhase;
			buildActionMask = 2147483647;
			files = (
				2A34064B1D6C649A002E450D /* LaunchScreen.storyboard in Resources */,
				2A3406481D6C649A002E450D /* Assets.xcassets in Resources */,
				2A3406461D6C649A002E450D /* Main.storyboard in Resources */,
			);
			runOnlyForDeploymentPostprocessing = 0;
		};
		2A34064F1D6C649A002E450D /* Resources */ = {
			isa = PBXResourcesBuildPhase;
			buildActionMask = 2147483647;
			files = (
			);
			runOnlyForDeploymentPostprocessing = 0;
		};
		2A34065A1D6C649A002E450D /* Resources */ = {
			isa = PBXResourcesBuildPhase;
			buildActionMask = 2147483647;
			files = (
			);
			runOnlyForDeploymentPostprocessing = 0;
		};
/* End PBXResourcesBuildPhase section */

/* Begin PBXSourcesBuildPhase section */
		2A3406341D6C649A002E450D /* Sources */ = {
			isa = PBXSourcesBuildPhase;
			buildActionMask = 2147483647;
			files = (
				2A3406431D6C649A002E450D /* ViewController.m in Sources */,
				2A3406401D6C649A002E450D /* AppDelegate.m in Sources */,
				2A34063D1D6C649A002E450D /* main.m in Sources */,
			);
			runOnlyForDeploymentPostprocessing = 0;
		};
		2A34064D1D6C649A002E450D /* Sources */ = {
			isa = PBXSourcesBuildPhase;
			buildActionMask = 2147483647;
			files = (
				2A3406561D6C649A002E450D /* NSURLConnect____Tests.m in Sources */,
			);
			runOnlyForDeploymentPostprocessing = 0;
		};
		2A3406581D6C649A002E450D /* Sources */ = {
			isa = PBXSourcesBuildPhase;
			buildActionMask = 2147483647;
			files = (
				2A3406611D6C649A002E450D /* NSURLConnect____UITests.m in Sources */,
			);
			runOnlyForDeploymentPostprocessing = 0;
		};
/* End PBXSourcesBuildPhase section */

/* Begin PBXTargetDependency section */
		2A3406531D6C649A002E450D /* PBXTargetDependency */ = {
			isa = PBXTargetDependency;
			target = 2A3406371D6C649A002E450D /* NSURLConnect网络连接 */;
			targetProxy = 2A3406521D6C649A002E450D /* PBXContainerItemProxy */;
		};
		2A34065E1D6C649A002E450D /* PBXTargetDependency */ = {
			isa = PBXTargetDependency;
			target = 2A3406371D6C649A002E450D /* NSURLConnect网络连接 */;
			targetProxy = 2A34065D1D6C649A002E450D /* PBXContainerItemProxy */;
		};
/* End PBXTargetDependency section */

/* Begin PBXVariantGroup section */
		2A3406441D6C649A002E450D /* Main.storyboard */ = {
			isa = PBXVariantGroup;
			children = (
				2A3406451D6C649A002E450D /* Base */,
			);
			name = Main.storyboard;
			sourceTree = "<group>";
		};
		2A3406491D6C649A002E450D /* LaunchScreen.storyboard */ = {
			isa = PBXVariantGroup;
			children = (
				2A34064A1D6C649A002E450D /* Base */,
			);
			name = LaunchScreen.storyboard;
			sourceTree = "<group>";
		};
/* End PBXVariantGroup section */

/* Begin XCBuildConfiguration section */
		2A3406631D6C649A002E450D /* Debug */ = {
			isa = XCBuildConfiguration;
			buildSettings = {
				ALWAYS_SEARCH_USER_PATHS = NO;
				CLANG_ANALYZER_NONNULL = YES;
				CLANG_CXX_LANGUAGE_STANDARD = "gnu++0x";
				CLANG_CXX_LIBRARY = "libc++";
				CLANG_ENABLE_MODULES = YES;
				CLANG_ENABLE_OBJC_ARC = YES;
				CLANG_WARN_BOOL_CONVERSION = YES;
				CLANG_WARN_CONSTANT_CONVERSION = YES;
				CLANG_WARN_DIRECT_OBJC_ISA_USAGE = YES_ERROR;
				CLANG_WARN_EMPTY_BODY = YES;
				CLANG_WARN_ENUM_CONVERSION = YES;
				CLANG_WARN_INT_CONVERSION = YES;
				CLANG_WARN_OBJC_ROOT_CLASS = YES_ERROR;
				CLANG_WARN_UNREACHABLE_CODE = YES;
				CLANG_WARN__DUPLICATE_METHOD_MATCH = YES;
				"CODE_SIGN_IDENTITY[sdk=iphoneos*]" = "iPhone Developer";
				COPY_PHASE_STRIP = NO;
				DEBUG_INFORMATION_FORMAT = dwarf;
				ENABLE_STRICT_OBJC_MSGSEND = YES;
				ENABLE_TESTABILITY = YES;
				GCC_C_LANGUAGE_STANDARD = gnu99;
				GCC_DYNAMIC_NO_PIC = NO;
				GCC_NO_COMMON_BLOCKS = YES;
				GCC_OPTIMIZATION_LEVEL = 0;
				GCC_PREPROCESSOR_DEFINITIONS = (
					"DEBUG=1",
					"$(inherited)",
				);
				GCC_WARN_64_TO_32_BIT_CONVERSION = YES;
				GCC_WARN_ABOUT_RETURN_TYPE = YES_ERROR;
				GCC_WARN_UNDECLARED_SELECTOR = YES;
				GCC_WARN_UNINITIALIZED_AUTOS = YES_AGGRESSIVE;
				GCC_WARN_UNUSED_FUNCTION = YES;
				GCC_WARN_UNUSED_VARIABLE = YES;
				IPHONEOS_DEPLOYMENT_TARGET = 9.3;
				MTL_ENABLE_DEBUG_INFO = YES;
				ONLY_ACTIVE_ARCH = YES;
				SDKROOT = iphoneos;
				TARGETED_DEVICE_FAMILY = "1,2";
			};
			name = Debug;
		};
		2A3406641D6C649A002E450D /* Release */ = {
			isa = XCBuildConfiguration;
			buildSettings = {
				ALWAYS_SEARCH_USER_PATHS = NO;
				CLANG_ANALYZER_NONNULL = YES;
				CLANG_CXX_LANGUAGE_STANDARD = "gnu++0x";
				CLANG_CXX_LIBRARY = "libc++";
				CLANG_ENABLE_MODULES = YES;
				CLANG_ENABLE_OBJC_ARC = YES;
				CLANG_WARN_BOOL_CONVERSION = YES;
				CLANG_WARN_CONSTANT_CONVERSION = YES;
				CLANG_WARN_DIRECT_OBJC_ISA_USAGE = YES_ERROR;
				CLANG_WARN_EMPTY_BODY = YES;
				CLANG_WARN_ENUM_CONVERSION = YES;
				CLANG_WARN_INT_CONVERSION = YES;
				CLANG_WARN_OBJC_ROOT_CLASS = YES_ERROR;
				CLANG_WARN_UNREACHABLE_CODE = YES;
				CLANG_WARN__DUPLICATE_METHOD_MATCH = YES;
				"CODE_SIGN_IDENTITY[sdk=iphoneos*]" = "iPhone Developer";
				COPY_PHASE_STRIP = NO;
				DEBUG_INFORMATION_FORMAT = "dwarf-with-dsym";
				ENABLE_NS_ASSERTIONS = NO;
				ENABLE_STRICT_OBJC_MSGSEND = YES;
				GCC_C_LANGUAGE_STANDARD = gnu99;
				GCC_NO_COMMON_BLOCKS = YES;
				GCC_WARN_64_TO_32_BIT_CONVERSION = YES;
				GCC_WARN_ABOUT_RETURN_TYPE = YES_ERROR;
				GCC_WARN_UNDECLARED_SELECTOR = YES;
				GCC_WARN_UNINITIALIZED_AUTOS = YES_AGGRESSIVE;
				GCC_WARN_UNUSED_FUNCTION = YES;
				GCC_WARN_UNUSED_VARIABLE = YES;
				IPHONEOS_DEPLOYMENT_TARGET = 9.3;
				MTL_ENABLE_DEBUG_INFO = NO;
				SDKROOT = iphoneos;
				TARGETED_DEVICE_FAMILY = "1,2";
				VALIDATE_PRODUCT = YES;
			};
			name = Release;
		};
		2A3406661D6C649A002E450D /* Debug */ = {
			isa = XCBuildConfiguration;
			buildSettings = {
				ASSETCATALOG_COMPILER_APPICON_NAME = AppIcon;
				INFOPLIST_FILE = "NSURLConnect网络连接/Info.plist";
				IPHONEOS_DEPLOYMENT_TARGET = 8.3;
				LD_RUNPATH_SEARCH_PATHS = "$(inherited) @executable_path/Frameworks";
				PRODUCT_BUNDLE_IDENTIFIER = "liuyalin.NSURLConnect----";
				PRODUCT_NAME = "$(TARGET_NAME)";
			};
			name = Debug;
		};
		2A3406671D6C649A002E450D /* Release */ = {
			isa = XCBuildConfiguration;
			buildSettings = {
				ASSETCATALOG_COMPILER_APPICON_NAME = AppIcon;
				INFOPLIST_FILE = "NSURLConnect网络连接/Info.plist";
				IPHONEOS_DEPLOYMENT_TARGET = 8.3;
				LD_RUNPATH_SEARCH_PATHS = "$(inherited) @executable_path/Frameworks";
				PRODUCT_BUNDLE_IDENTIFIER = "liuyalin.NSURLConnect----";
				PRODUCT_NAME = "$(TARGET_NAME)";
			};
			name = Release;
		};
		2A3406691D6C649A002E450D /* Debug */ = {
			isa = XCBuildConfiguration;
			buildSettings = {
				BUNDLE_LOADER = "$(TEST_HOST)";
				INFOPLIST_FILE = "NSURLConnect网络连接Tests/Info.plist";
				LD_RUNPATH_SEARCH_PATHS = "$(inherited) @executable_path/Frameworks @loader_path/Frameworks";
				PRODUCT_BUNDLE_IDENTIFIER = "liuyalin.NSURLConnect----Tests";
				PRODUCT_NAME = "$(TARGET_NAME)";
				TEST_HOST = "$(BUILT_PRODUCTS_DIR)/NSURLConnect网络连接.app/NSURLConnect网络连接";
			};
			name = Debug;
		};
		2A34066A1D6C649A002E450D /* Release */ = {
			isa = XCBuildConfiguration;
			buildSettings = {
				BUNDLE_LOADER = "$(TEST_HOST)";
				INFOPLIST_FILE = "NSURLConnect网络连接Tests/Info.plist";
				LD_RUNPATH_SEARCH_PATHS = "$(inherited) @executable_path/Frameworks @loader_path/Frameworks";
				PRODUCT_BUNDLE_IDENTIFIER = "liuyalin.NSURLConnect----Tests";
				PRODUCT_NAME = "$(TARGET_NAME)";
				TEST_HOST = "$(BUILT_PRODUCTS_DIR)/NSURLConnect网络连接.app/NSURLConnect网络连接";
			};
			name = Release;
		};
		2A34066C1D6C649A002E450D /* Debug */ = {
			isa = XCBuildConfiguration;
			buildSettings = {
				INFOPLIST_FILE = "NSURLConnect网络连接UITests/Info.plist";
				LD_RUNPATH_SEARCH_PATHS = "$(inherited) @executable_path/Frameworks @loader_path/Frameworks";
				PRODUCT_BUNDLE_IDENTIFIER = "liuyalin.NSURLConnect----UITests";
				PRODUCT_NAME = "$(TARGET_NAME)";
				TEST_TARGET_NAME = "NSURLConnect网络连接";
			};
			name = Debug;
		};
		2A34066D1D6C649A002E450D /* Release */ = {
			isa = XCBuildConfiguration;
			buildSettings = {
				INFOPLIST_FILE = "NSURLConnect网络连接UITests/Info.plist";
				LD_RUNPATH_SEARCH_PATHS = "$(inherited) @executable_path/Frameworks @loader_path/Frameworks";
				PRODUCT_BUNDLE_IDENTIFIER = "liuyalin.NSURLConnect----UITests";
				PRODUCT_NAME = "$(TARGET_NAME)";
				TEST_TARGET_NAME = "NSURLConnect网络连接";
			};
			name = Release;
		};
/* End XCBuildConfiguration section */

/* Begin XCConfigurationList section */
		2A3406331D6C649A002E450D /* Build configuration list for PBXProject "NSURLConnect网络连接" */ = {
			isa = XCConfigurationList;
			buildConfigurations = (
				2A3406631D6C649A002E450D /* Debug */,
				2A3406641D6C649A002E450D /* Release */,
			);
			defaultConfigurationIsVisible = 0;
			defaultConfigurationName = Release;
		};
		2A3406651D6C649A002E450D /* Build configuration list for PBXNativeTarget "NSURLConnect网络连接" */ = {
			isa = XCConfigurationList;
			buildConfigurations = (
				2A3406661D6C649A002E450D /* Debug */,
				2A3406671D6C649A002E450D /* Release */,
			);
			defaultConfigurationIsVisible = 0;
		};
		2A3406681D6C649A002E450D /* Build configuration list for PBXNativeTarget "NSURLConnect网络连接Tests" */ = {
			isa = XCConfigurationList;
			buildConfigurations = (
				2A3406691D6C649A002E450D /* Debug */,
				2A34066A1D6C649A002E450D /* Release */,
			);
			defaultConfigurationIsVisible = 0;
		};
		2A34066B1D6C649A002E450D /* Build configuration list for PBXNativeTarget "NSURLConnect网络连接UITests" */ = {
			isa = XCConfigurationList;
			buildConfigurations = (
				2A34066C1D6C649A002E450D /* Debug */,
				2A34066D1D6C649A002E450D /* Release */,
			);
			defaultConfigurationIsVisible = 0;
		};
/* End XCConfigurationList section */
	};
	rootObject = 2A3406301D6C649A002E450D /* Project object */;
}
